
Microsoft Visual Studio Solution File, Format Version 12.00
# Visual Studio Version 17
VisualStudioVersion = 17.9.34616.47
MinimumVisualStudioVersion = 10.0.40219.1
Project("{8BC9CEB8-8B4A-11D0-8D11-00A0C91BC942}") = "TestArea", "TestArea.vcxproj", "{914665E2-88A4-461B-A8FB-54BDDC62C735}"
EndProject
Project("{8BC9CEB8-8B4A-11D0-8D11-00A0C91BC942}") = "BarrelTest1", "..\BarrelTest1\BarrelTest1.vcxproj", "{ACE20510-88F4-40B3-8496-BEDDA865E15B}"
EndProject
Global
	GlobalSection(SolutionConfigurationPlatforms) = preSolution
		Debug|x64 = Debug|x64
		Debug|x86 = Debug|x86
		Release|x64 = Release|x64
		Release|x86 = Release|x86
	EndGlobalSection
	GlobalSection(ProjectConfigurationPlatforms) = postSolution
		{914665E2-88A4-461B-A8FB-54BDDC62C735}.Debug|x64.ActiveCfg = Debug|x64
		{914665E2-88A4-461B-A8FB-54BDDC62C735}.Debug|x64.Build.0 = Debug|x64
		{914665E2-88A4-461B-A8FB-54BDDC62C735}.Debug|x86.ActiveCfg = Debug|Win32
		{914665E2-88A4-461B-A8FB-54BDDC62C735}.Debug|x86.Build.0 = Debug|Win32
		{914665E2-88A4-461B-A8FB-54BDDC62C735}.Release|x64.ActiveCfg = Release|x64
		{914665E2-88A4-461B-A8FB-54BDDC62C735}.Release|x64.Build.0 = Release|x64
		{914665E2-88A4-461B-A8FB-54BDDC62C735}.Release|x86.ActiveCfg = Release|Win32
		{914665E2-88A4-461B-A8FB-54BDDC62C735}.Release|x86.Build.0 = Release|Win32
		{ACE20510-88F4-40B3-8496-BEDDA865E15B}.Debug|x64.ActiveCfg = Debug|x64
		{ACE20510-88F4-40B3-8496-BEDDA865E15B}.Debug|x64.Build.0 = Debug|x64
		{ACE20510-88F4-40B3-8496-BEDDA865E15B}.Debug|x86.ActiveCfg = Debug|Win32
		{ACE20510-88F4-40B3-8496-BEDDA865E15B}.Debug|x86.Build.0 = Debug|Win32
		{ACE20510-88F4-40B3-8496-BEDDA865E15B}.Release|x64.ActiveCfg = Release|x64
		{ACE20510-88F4-40B3-8496-BEDDA865E15B}.Release|x64.Build.0 = Release|x64
		{ACE20510-88F4-40B3-8496-BEDDA865E15B}.Release|x86.ActiveCfg = Release|Win32
		{ACE20510-88F4-40B3-8496-BEDDA865E15B}.Release|x86.Build.0 = Release|Win32
	EndGlobalSection
	GlobalSection(SolutionProperties) = preSolution
		HideSolutionNode = FALSE
	EndGlobalSection
	GlobalSection(ExtensibilityGlobals) = postSolution
		SolutionGuid = {C65F15EA-BB7F-4DF3-BDAB-6B83D7841FAB}
	EndGlobalSection
EndGlobal
