<?xml version="1.0" encoding="utf-8"?>
<Project ToolsVersion="4.0" xmlns="http://schemas.microsoft.com/developer/msbuild/2003">
  <ItemGroup>
    <Filter Include="Source Files">
      <UniqueIdentifier>{4FC737F1-C7A5-4376-A066-2A32D752A2FF}</UniqueIdentifier>
      <Extensions>cpp;c;cc;cxx;c++;cppm;ixx;def;odl;idl;hpj;bat;asm;asmx</Extensions>
    </Filter>
    <Filter Include="Header Files">
      <UniqueIdentifier>{93995380-89BD-4b04-88EB-625FBE52EBFB}</UniqueIdentifier>
      <Extensions>h;hh;hpp;hxx;h++;hm;inl;inc;ipp;xsd</Extensions>
    </Filter>
    <Filter Include="Resource Files">
      <UniqueIdentifier>{67DA6AB6-F800-4c08-8B7A-83BB121AAD01}</UniqueIdentifier>
      <Extensions>rc;ico;cur;bmp;dlg;rc2;rct;bin;rgs;gif;jpg;jpeg;jpe;resx;tiff;tif;png;wav;mfcribbon-ms</Extensions>
    </Filter>
  </ItemGroup>
  <ItemGroup>
    <ClCompile Include="tHelpers.c">
      <Filter>Source Files</Filter>
    </ClCompile>
    <ClCompile Include="tPreent.c">
      <Filter>Source Files</Filter>
    </ClCompile>
    <ClCompile Include="tBarrel.c">
      <Filter>Source Files</Filter>
    </ClCompile>
    <ClCompile Include="tHeap.c">
      <Filter>Source Files</Filter>
    </ClCompile>
    <ClCompile Include="tTypeInfo.c">
      <Filter>Source Files</Filter>
    </ClCompile>
    <ClCompile Include="tQues.c">
      <Filter>Source Files</Filter>
    </ClCompile>
    <ClCompile Include="tThreads.c">
      <Filter>Source Files</Filter>
    </ClCompile>
    <ClCompile Include="tServices.c">
      <Filter>Source Files</Filter>
    </ClCompile>
    <ClCompile Include="tBucket.c">
      <Filter>Source Files</Filter>
    </ClCompile>
    <ClCompile Include="tHashMap.c">
      <Filter>Source Files</Filter>
    </ClCompile>
    <ClCompile Include="tLink.c">
      <Filter>Source Files</Filter>
    </ClCompile>
    <ClCompile Include="tCollection.c">
      <Filter>Source Files</Filter>
    </ClCompile>
    <ClCompile Include="tModules.h">
      <Filter>Resource Files</Filter>
    </ClCompile>
    <ClCompile Include="tVector.c">
      <Filter>Source Files</Filter>
    </ClCompile>
    <ClCompile Include="TestArea.c">
      <Filter>Resource Files</Filter>
    </ClCompile>
    <ClCompile Include="tChunk.c">
      <Filter>Source Files</Filter>
    </ClCompile>
  </ItemGroup>
  <ItemGroup>
    <ClInclude Include="tHelpers.h">
      <Filter>Header Files</Filter>
    </ClInclude>
    <ClInclude Include="tPreent.h">
      <Filter>Header Files</Filter>
    </ClInclude>
    <ClInclude Include="tLink.h">
      <Filter>Header Files</Filter>
    </ClInclude>
    <ClInclude Include="tCollection.h">
      <Filter>Header Files</Filter>
    </ClInclude>
    <ClInclude Include="tHashMap.h">
      <Filter>Header Files</Filter>
    </ClInclude>
    <ClInclude Include="tBarrel.h">
      <Filter>Header Files</Filter>
    </ClInclude>
    <ClInclude Include="tHeap.h">
      <Filter>Header Files</Filter>
    </ClInclude>
    <ClInclude Include="tThreads.h">
      <Filter>Header Files</Filter>
    </ClInclude>
    <ClInclude Include="tServices.h">
      <Filter>Header Files</Filter>
    </ClInclude>
    <ClInclude Include="tQues.h">
      <Filter>Header Files</Filter>
    </ClInclude>
    <ClInclude Include="tTypeInfo.h">
      <Filter>Header Files</Filter>
    </ClInclude>
    <ClInclude Include="tBucket.h">
      <Filter>Header Files</Filter>
    </ClInclude>
    <ClInclude Include="tEnums.h">
      <Filter>Resource Files</Filter>
    </ClInclude>
    <ClInclude Include="tDefines.h">
      <Filter>Resource Files</Filter>
    </ClInclude>
    <ClInclude Include="tVector.h">
      <Filter>Header Files</Filter>
    </ClInclude>
    <ClInclude Include="tChunk.h">
      <Filter>Header Files</Filter>
    </ClInclude>
  </ItemGroup>
</Project>